
Microsoft Visual Studio Solution File, Format Version 12.00
Project("{FAE04EC0-301F-11D3-BF4B-00C04F79EFBC}") = "TestDome", "TestDome\TestDome.csproj", "{202678D6-BF7F-44F8-B0D4-A7C8F619DDE6}"
EndProject
Project("{FAE04EC0-301F-11D3-BF4B-00C04F79EFBC}") = "MalwareAnalysis", "MalwareAnalysis\MalwareAnalysis.csproj", "{F12F9994-BF16-4363-A167-1BAD2F751FEA}"
EndProject
Project("{FAE04EC0-301F-11D3-BF4B-00C04F79EFBC}") = "TestDomeTests", "TestDomeTests\TestDomeTests.csproj", "{B06545B7-5A8F-40F0-86F4-9283CC87EEB9}"
EndProject
Project("{FAE04EC0-301F-11D3-BF4B-00C04F79EFBC}") = "GamePlatform", "GamePlatform\GamePlatform.csproj", "{6F07DB60-4DC4-4571-8A77-EA8897A76EF9}"
EndProject
Project("{FAE04EC0-301F-11D3-BF4B-00C04F79EFBC}") = "MegaStore", "MegaStore\MegaStore.csproj", "{66FF97FF-E71F-4E4E-B642-1ACB6C93E1D7}"
EndProject
Project("{FAE04EC0-301F-11D3-BF4B-00C04F79EFBC}") = "BoatMovements", "BoatMovements\BoatMovements.csproj", "{366C2AAA-B178-41C5-A4E6-9E7FDE7445E6}"
EndProject
Project("{FAE04EC0-301F-11D3-BF4B-00C04F79EFBC}") = "MathExpression", "MathExpression\MathExpression.csproj", "{2A66D2B9-6947-40DA-8E4C-38486B0E80DB}"
EndProject
Project("{FAE04EC0-301F-11D3-BF4B-00C04F79EFBC}") = "UserInput", "UserInput\UserInput.csproj", "{7344BB3E-5BEE-46A7-BE16-012D9BD7CC48}"
EndProject
Project("{FAE04EC0-301F-11D3-BF4B-00C04F79EFBC}") = "Account", "Account\Account.csproj", "{556681DB-2567-48A8-9FA2-9B7C0A7D6335}"
EndProject
Project("{FAE04EC0-301F-11D3-BF4B-00C04F79EFBC}") = "Folders", "Folders\Folders.csproj", "{B8F52924-AC49-4A8E-9FC2-7D19D7F0D9AB}"
EndProject
Project("{FAE04EC0-301F-11D3-BF4B-00C04F79EFBC}") = "TwoSum", "TwoSum\TwoSum.csproj", "{0E4A3D80-4D10-4DA9-B4B7-0BA4F105D6BD}"
EndProject
Project("{FAE04EC0-301F-11D3-BF4B-00C04F79EFBC}") = "Song", "Song\Song.csproj", "{D30808E0-4EBF-4F41-93ED-8FB67F11B597}"
EndProject
Project("{FAE04EC0-301F-11D3-BF4B-00C04F79EFBC}") = "AccountTest", "AccountTest\AccountTest.csproj", "{1C2BE548-E415-4920-9215-78390EF70AEC}"
EndProject
Project("{FAE04EC0-301F-11D3-BF4B-00C04F79EFBC}") = "AlertService", "AlertService\AlertService.csproj", "{ADF115FD-2022-48FC-8AAF-5800E13B1C9E}"
EndProject
Project("{FAE04EC0-301F-11D3-BF4B-00C04F79EFBC}") = "QuadraticEquation", "QuadraticEquation\QuadraticEquation.csproj", "{5C91BC74-3297-40D0-9B08-0BFE7662D6D3}"
EndProject
Project("{FAE04EC0-301F-11D3-BF4B-00C04F79EFBC}") = "SortedSearch", "SortedSearch\SortedSearch.csproj", "{62D11004-CEBA-4CC7-9F78-A445D16DB711}"
EndProject
Project("{FAE04EC0-301F-11D3-BF4B-00C04F79EFBC}") = "BinarySearchTree", "BinarySearchTree\BinarySearchTree.csproj", "{8D63A884-E786-48C1-BEF1-FEFD72CC3169}"
EndProject
Project("{FAE04EC0-301F-11D3-BF4B-00C04F79EFBC}") = "TrainComposition", "TrainComposition\TrainComposition.csproj", "{377CC5DF-7A6B-46A8-AD15-A430A855626C}"
EndProject
Project("{FAE04EC0-301F-11D3-BF4B-00C04F79EFBC}") = "DecoratorStream", "DecoratorStream\DecoratorStream.csproj", "{339910CB-E384-4F48-A0E1-10D78A6529BF}"
EndProject
Project("{FAE04EC0-301F-11D3-BF4B-00C04F79EFBC}") = "SampleProblem", "SampleProblem\SampleProblem.csproj", "{82FEE24F-B264-483A-B803-D2C1450B1522}"
EndProject
Project("{FAE04EC0-301F-11D3-BF4B-00C04F79EFBC}") = "MathUtils", "MathUtils\MathUtils.csproj", "{07043ABB-80BA-4DBE-BED4-65E40C5E8D73}"
EndProject
Global
	GlobalSection(SolutionConfigurationPlatforms) = preSolution
		Debug|Any CPU = Debug|Any CPU
		Release|Any CPU = Release|Any CPU
	EndGlobalSection
	GlobalSection(ProjectConfigurationPlatforms) = postSolution
		{202678D6-BF7F-44F8-B0D4-A7C8F619DDE6}.Debug|Any CPU.ActiveCfg = Debug|Any CPU
		{202678D6-BF7F-44F8-B0D4-A7C8F619DDE6}.Debug|Any CPU.Build.0 = Debug|Any CPU
		{202678D6-BF7F-44F8-B0D4-A7C8F619DDE6}.Release|Any CPU.ActiveCfg = Release|Any CPU
		{202678D6-BF7F-44F8-B0D4-A7C8F619DDE6}.Release|Any CPU.Build.0 = Release|Any CPU
		{F12F9994-BF16-4363-A167-1BAD2F751FEA}.Debug|Any CPU.ActiveCfg = Debug|Any CPU
		{F12F9994-BF16-4363-A167-1BAD2F751FEA}.Debug|Any CPU.Build.0 = Debug|Any CPU
		{F12F9994-BF16-4363-A167-1BAD2F751FEA}.Release|Any CPU.ActiveCfg = Release|Any CPU
		{F12F9994-BF16-4363-A167-1BAD2F751FEA}.Release|Any CPU.Build.0 = Release|Any CPU
		{B06545B7-5A8F-40F0-86F4-9283CC87EEB9}.Debug|Any CPU.ActiveCfg = Debug|Any CPU
		{B06545B7-5A8F-40F0-86F4-9283CC87EEB9}.Debug|Any CPU.Build.0 = Debug|Any CPU
		{B06545B7-5A8F-40F0-86F4-9283CC87EEB9}.Release|Any CPU.ActiveCfg = Release|Any CPU
		{B06545B7-5A8F-40F0-86F4-9283CC87EEB9}.Release|Any CPU.Build.0 = Release|Any CPU
		{6F07DB60-4DC4-4571-8A77-EA8897A76EF9}.Debug|Any CPU.ActiveCfg = Debug|Any CPU
		{6F07DB60-4DC4-4571-8A77-EA8897A76EF9}.Debug|Any CPU.Build.0 = Debug|Any CPU
		{6F07DB60-4DC4-4571-8A77-EA8897A76EF9}.Release|Any CPU.ActiveCfg = Release|Any CPU
		{6F07DB60-4DC4-4571-8A77-EA8897A76EF9}.Release|Any CPU.Build.0 = Release|Any CPU
		{66FF97FF-E71F-4E4E-B642-1ACB6C93E1D7}.Debug|Any CPU.ActiveCfg = Debug|Any CPU
		{66FF97FF-E71F-4E4E-B642-1ACB6C93E1D7}.Debug|Any CPU.Build.0 = Debug|Any CPU
		{66FF97FF-E71F-4E4E-B642-1ACB6C93E1D7}.Release|Any CPU.ActiveCfg = Release|Any CPU
		{66FF97FF-E71F-4E4E-B642-1ACB6C93E1D7}.Release|Any CPU.Build.0 = Release|Any CPU
		{366C2AAA-B178-41C5-A4E6-9E7FDE7445E6}.Debug|Any CPU.ActiveCfg = Debug|Any CPU
		{366C2AAA-B178-41C5-A4E6-9E7FDE7445E6}.Debug|Any CPU.Build.0 = Debug|Any CPU
		{366C2AAA-B178-41C5-A4E6-9E7FDE7445E6}.Release|Any CPU.ActiveCfg = Release|Any CPU
		{366C2AAA-B178-41C5-A4E6-9E7FDE7445E6}.Release|Any CPU.Build.0 = Release|Any CPU
		{2A66D2B9-6947-40DA-8E4C-38486B0E80DB}.Debug|Any CPU.ActiveCfg = Debug|Any CPU
		{2A66D2B9-6947-40DA-8E4C-38486B0E80DB}.Debug|Any CPU.Build.0 = Debug|Any CPU
		{2A66D2B9-6947-40DA-8E4C-38486B0E80DB}.Release|Any CPU.ActiveCfg = Release|Any CPU
		{2A66D2B9-6947-40DA-8E4C-38486B0E80DB}.Release|Any CPU.Build.0 = Release|Any CPU
		{7344BB3E-5BEE-46A7-BE16-012D9BD7CC48}.Debug|Any CPU.ActiveCfg = Debug|Any CPU
		{7344BB3E-5BEE-46A7-BE16-012D9BD7CC48}.Debug|Any CPU.Build.0 = Debug|Any CPU
		{7344BB3E-5BEE-46A7-BE16-012D9BD7CC48}.Release|Any CPU.ActiveCfg = Release|Any CPU
		{7344BB3E-5BEE-46A7-BE16-012D9BD7CC48}.Release|Any CPU.Build.0 = Release|Any CPU
		{556681DB-2567-48A8-9FA2-9B7C0A7D6335}.Debug|Any CPU.ActiveCfg = Debug|Any CPU
		{556681DB-2567-48A8-9FA2-9B7C0A7D6335}.Debug|Any CPU.Build.0 = Debug|Any CPU
		{556681DB-2567-48A8-9FA2-9B7C0A7D6335}.Release|Any CPU.ActiveCfg = Release|Any CPU
		{556681DB-2567-48A8-9FA2-9B7C0A7D6335}.Release|Any CPU.Build.0 = Release|Any CPU
		{B8F52924-AC49-4A8E-9FC2-7D19D7F0D9AB}.Debug|Any CPU.ActiveCfg = Debug|Any CPU
		{B8F52924-AC49-4A8E-9FC2-7D19D7F0D9AB}.Debug|Any CPU.Build.0 = Debug|Any CPU
		{B8F52924-AC49-4A8E-9FC2-7D19D7F0D9AB}.Release|Any CPU.ActiveCfg = Release|Any CPU
		{B8F52924-AC49-4A8E-9FC2-7D19D7F0D9AB}.Release|Any CPU.Build.0 = Release|Any CPU
		{0E4A3D80-4D10-4DA9-B4B7-0BA4F105D6BD}.Debug|Any CPU.ActiveCfg = Debug|Any CPU
		{0E4A3D80-4D10-4DA9-B4B7-0BA4F105D6BD}.Debug|Any CPU.Build.0 = Debug|Any CPU
		{0E4A3D80-4D10-4DA9-B4B7-0BA4F105D6BD}.Release|Any CPU.ActiveCfg = Release|Any CPU
		{0E4A3D80-4D10-4DA9-B4B7-0BA4F105D6BD}.Release|Any CPU.Build.0 = Release|Any CPU
		{D30808E0-4EBF-4F41-93ED-8FB67F11B597}.Debug|Any CPU.ActiveCfg = Debug|Any CPU
		{D30808E0-4EBF-4F41-93ED-8FB67F11B597}.Debug|Any CPU.Build.0 = Debug|Any CPU
		{D30808E0-4EBF-4F41-93ED-8FB67F11B597}.Release|Any CPU.ActiveCfg = Release|Any CPU
		{D30808E0-4EBF-4F41-93ED-8FB67F11B597}.Release|Any CPU.Build.0 = Release|Any CPU
		{1C2BE548-E415-4920-9215-78390EF70AEC}.Debug|Any CPU.ActiveCfg = Debug|Any CPU
		{1C2BE548-E415-4920-9215-78390EF70AEC}.Debug|Any CPU.Build.0 = Debug|Any CPU
		{1C2BE548-E415-4920-9215-78390EF70AEC}.Release|Any CPU.ActiveCfg = Release|Any CPU
		{1C2BE548-E415-4920-9215-78390EF70AEC}.Release|Any CPU.Build.0 = Release|Any CPU
		{ADF115FD-2022-48FC-8AAF-5800E13B1C9E}.Debug|Any CPU.ActiveCfg = Debug|Any CPU
		{ADF115FD-2022-48FC-8AAF-5800E13B1C9E}.Debug|Any CPU.Build.0 = Debug|Any CPU
		{ADF115FD-2022-48FC-8AAF-5800E13B1C9E}.Release|Any CPU.ActiveCfg = Release|Any CPU
		{ADF115FD-2022-48FC-8AAF-5800E13B1C9E}.Release|Any CPU.Build.0 = Release|Any CPU
		{5C91BC74-3297-40D0-9B08-0BFE7662D6D3}.Debug|Any CPU.ActiveCfg = Debug|Any CPU
		{5C91BC74-3297-40D0-9B08-0BFE7662D6D3}.Debug|Any CPU.Build.0 = Debug|Any CPU
		{5C91BC74-3297-40D0-9B08-0BFE7662D6D3}.Release|Any CPU.ActiveCfg = Release|Any CPU
		{5C91BC74-3297-40D0-9B08-0BFE7662D6D3}.Release|Any CPU.Build.0 = Release|Any CPU
		{62D11004-CEBA-4CC7-9F78-A445D16DB711}.Debug|Any CPU.ActiveCfg = Debug|Any CPU
		{62D11004-CEBA-4CC7-9F78-A445D16DB711}.Debug|Any CPU.Build.0 = Debug|Any CPU
		{62D11004-CEBA-4CC7-9F78-A445D16DB711}.Release|Any CPU.ActiveCfg = Release|Any CPU
		{62D11004-CEBA-4CC7-9F78-A445D16DB711}.Release|Any CPU.Build.0 = Release|Any CPU
		{8D63A884-E786-48C1-BEF1-FEFD72CC3169}.Debug|Any CPU.ActiveCfg = Debug|Any CPU
		{8D63A884-E786-48C1-BEF1-FEFD72CC3169}.Debug|Any CPU.Build.0 = Debug|Any CPU
		{8D63A884-E786-48C1-BEF1-FEFD72CC3169}.Release|Any CPU.ActiveCfg = Release|Any CPU
		{8D63A884-E786-48C1-BEF1-FEFD72CC3169}.Release|Any CPU.Build.0 = Release|Any CPU
		{377CC5DF-7A6B-46A8-AD15-A430A855626C}.Debug|Any CPU.ActiveCfg = Debug|Any CPU
		{377CC5DF-7A6B-46A8-AD15-A430A855626C}.Debug|Any CPU.Build.0 = Debug|Any CPU
		{377CC5DF-7A6B-46A8-AD15-A430A855626C}.Release|Any CPU.ActiveCfg = Release|Any CPU
		{377CC5DF-7A6B-46A8-AD15-A430A855626C}.Release|Any CPU.Build.0 = Release|Any CPU
		{339910CB-E384-4F48-A0E1-10D78A6529BF}.Debug|Any CPU.ActiveCfg = Debug|Any CPU
		{339910CB-E384-4F48-A0E1-10D78A6529BF}.Debug|Any CPU.Build.0 = Debug|Any CPU
		{339910CB-E384-4F48-A0E1-10D78A6529BF}.Release|Any CPU.ActiveCfg = Release|Any CPU
		{339910CB-E384-4F48-A0E1-10D78A6529BF}.Release|Any CPU.Build.0 = Release|Any CPU
		{82FEE24F-B264-483A-B803-D2C1450B1522}.Debug|Any CPU.ActiveCfg = Debug|Any CPU
		{82FEE24F-B264-483A-B803-D2C1450B1522}.Debug|Any CPU.Build.0 = Debug|Any CPU
		{82FEE24F-B264-483A-B803-D2C1450B1522}.Release|Any CPU.ActiveCfg = Release|Any CPU
		{82FEE24F-B264-483A-B803-D2C1450B1522}.Release|Any CPU.Build.0 = Release|Any CPU
		{07043ABB-80BA-4DBE-BED4-65E40C5E8D73}.Debug|Any CPU.ActiveCfg = Debug|Any CPU
		{07043ABB-80BA-4DBE-BED4-65E40C5E8D73}.Debug|Any CPU.Build.0 = Debug|Any CPU
		{07043ABB-80BA-4DBE-BED4-65E40C5E8D73}.Release|Any CPU.ActiveCfg = Release|Any CPU
		{07043ABB-80BA-4DBE-BED4-65E40C5E8D73}.Release|Any CPU.Build.0 = Release|Any CPU
	EndGlobalSection
EndGlobal
